
Microsoft Visual Studio Solution File, Format Version 12.00
# Visual Studio Version 17
VisualStudioVersion = 17.3.32825.248
MinimumVisualStudioVersion = 10.0.40219.1
Project("{2150E333-8FDC-42A3-9474-1A3956D46DE8}") = "Concepts", "Concepts", "{147B60A1-7C5E-484F-8441-5C9615804163}"
EndProject
Project("{9A19103F-16F7-4668-BE54-9A1E7A4F7556}") = "ValueTypes", "ValueTypes\ValueTypes.csproj", "{4C911656-3985-4A84-804E-F050BCBAAD0A}"
EndProject
Project("{9A19103F-16F7-4668-BE54-9A1E7A4F7556}") = "Generic", "Generic\Generic.csproj", "{1912809E-3C7F-4D8A-AEF3-6D39F3EADDBB}"
EndProject
Project("{9A19103F-16F7-4668-BE54-9A1E7A4F7556}") = "Linq", "Linq\Linq.csproj", "{BABDDCD8-1D04-4C6F-AFE7-8CD613613C3B}"
EndProject
Project("{9A19103F-16F7-4668-BE54-9A1E7A4F7556}") = "ExtensionMethods", "ExtensionMethods\ExtensionMethods.csproj", "{B65C5A91-7CC9-4E4B-8625-DB8F2A0DFE64}"
EndProject
Project("{9A19103F-16F7-4668-BE54-9A1E7A4F7556}") = "Delegates", "Delegates\Delegates.csproj", "{8FF9EBC9-AA2E-4873-8893-8883F30A6430}"
EndProject
Project("{9A19103F-16F7-4668-BE54-9A1E7A4F7556}") = "Lambda", "Lambda\Lambda.csproj", "{8FCB793A-2572-4FB4-8CCB-BA6EFFE0FD08}"
EndProject
Project("{9A19103F-16F7-4668-BE54-9A1E7A4F7556}") = "DelegatePredicated", "DelegatePredicated\DelegatePredicated.csproj", "{0F1B2625-558F-41AF-A7FE-3BDFBCCC01F1}"
EndProject
Project("{9A19103F-16F7-4668-BE54-9A1E7A4F7556}") = "Threads", "Threads\Threads.csproj", "{35CDFADE-95D4-4C1D-B7FF-2B0D9F25F951}"
EndProject
Project("{9A19103F-16F7-4668-BE54-9A1E7A4F7556}") = "Task", "Task\Task.csproj", "{A3547BBC-809E-46E4-9973-1FBB1C06366D}"
EndProject
Project("{9A19103F-16F7-4668-BE54-9A1E7A4F7556}") = "ManejoExcepcioens", "ManejoExcepcioens\ManejoExcepcioens.csproj", "{15FB934D-DF7A-4668-B080-515A62B6C7B6}"
EndProject
Project("{9A19103F-16F7-4668-BE54-9A1E7A4F7556}") = "Mapper", "Mapper\Mapper.csproj", "{BEF13BB3-AB1D-4DCD-80E0-D8E331FC90F1}"
EndProject
Project("{9A19103F-16F7-4668-BE54-9A1E7A4F7556}") = "Override_Overload", "Override_Overload\Override_Overload.csproj", "{A5150D91-28C7-4054-9790-E43F0E2D0EFF}"
EndProject
Project("{9A19103F-16F7-4668-BE54-9A1E7A4F7556}") = "HttpClientDemo", "HttpClientDemo\HttpClientDemo.csproj", "{BD78E90B-E211-4FBC-ACA9-8D92FD4D4624}"
EndProject
Global
	GlobalSection(SolutionConfigurationPlatforms) = preSolution
		Debug|Any CPU = Debug|Any CPU
		Release|Any CPU = Release|Any CPU
	EndGlobalSection
	GlobalSection(ProjectConfigurationPlatforms) = postSolution
		{4C911656-3985-4A84-804E-F050BCBAAD0A}.Debug|Any CPU.ActiveCfg = Debug|Any CPU
		{4C911656-3985-4A84-804E-F050BCBAAD0A}.Debug|Any CPU.Build.0 = Debug|Any CPU
		{4C911656-3985-4A84-804E-F050BCBAAD0A}.Release|Any CPU.ActiveCfg = Release|Any CPU
		{4C911656-3985-4A84-804E-F050BCBAAD0A}.Release|Any CPU.Build.0 = Release|Any CPU
		{1912809E-3C7F-4D8A-AEF3-6D39F3EADDBB}.Debug|Any CPU.ActiveCfg = Debug|Any CPU
		{1912809E-3C7F-4D8A-AEF3-6D39F3EADDBB}.Debug|Any CPU.Build.0 = Debug|Any CPU
		{1912809E-3C7F-4D8A-AEF3-6D39F3EADDBB}.Release|Any CPU.ActiveCfg = Release|Any CPU
		{1912809E-3C7F-4D8A-AEF3-6D39F3EADDBB}.Release|Any CPU.Build.0 = Release|Any CPU
		{BABDDCD8-1D04-4C6F-AFE7-8CD613613C3B}.Debug|Any CPU.ActiveCfg = Debug|Any CPU
		{BABDDCD8-1D04-4C6F-AFE7-8CD613613C3B}.Debug|Any CPU.Build.0 = Debug|Any CPU
		{BABDDCD8-1D04-4C6F-AFE7-8CD613613C3B}.Release|Any CPU.ActiveCfg = Release|Any CPU
		{BABDDCD8-1D04-4C6F-AFE7-8CD613613C3B}.Release|Any CPU.Build.0 = Release|Any CPU
		{B65C5A91-7CC9-4E4B-8625-DB8F2A0DFE64}.Debug|Any CPU.ActiveCfg = Debug|Any CPU
		{B65C5A91-7CC9-4E4B-8625-DB8F2A0DFE64}.Debug|Any CPU.Build.0 = Debug|Any CPU
		{B65C5A91-7CC9-4E4B-8625-DB8F2A0DFE64}.Release|Any CPU.ActiveCfg = Release|Any CPU
		{B65C5A91-7CC9-4E4B-8625-DB8F2A0DFE64}.Release|Any CPU.Build.0 = Release|Any CPU
		{8FF9EBC9-AA2E-4873-8893-8883F30A6430}.Debug|Any CPU.ActiveCfg = Debug|Any CPU
		{8FF9EBC9-AA2E-4873-8893-8883F30A6430}.Debug|Any CPU.Build.0 = Debug|Any CPU
		{8FF9EBC9-AA2E-4873-8893-8883F30A6430}.Release|Any CPU.ActiveCfg = Release|Any CPU
		{8FF9EBC9-AA2E-4873-8893-8883F30A6430}.Release|Any CPU.Build.0 = Release|Any CPU
		{8FCB793A-2572-4FB4-8CCB-BA6EFFE0FD08}.Debug|Any CPU.ActiveCfg = Debug|Any CPU
		{8FCB793A-2572-4FB4-8CCB-BA6EFFE0FD08}.Debug|Any CPU.Build.0 = Debug|Any CPU
		{8FCB793A-2572-4FB4-8CCB-BA6EFFE0FD08}.Release|Any CPU.ActiveCfg = Release|Any CPU
		{8FCB793A-2572-4FB4-8CCB-BA6EFFE0FD08}.Release|Any CPU.Build.0 = Release|Any CPU
		{0F1B2625-558F-41AF-A7FE-3BDFBCCC01F1}.Debug|Any CPU.ActiveCfg = Debug|Any CPU
		{0F1B2625-558F-41AF-A7FE-3BDFBCCC01F1}.Debug|Any CPU.Build.0 = Debug|Any CPU
		{0F1B2625-558F-41AF-A7FE-3BDFBCCC01F1}.Release|Any CPU.ActiveCfg = Release|Any CPU
		{0F1B2625-558F-41AF-A7FE-3BDFBCCC01F1}.Release|Any CPU.Build.0 = Release|Any CPU
		{35CDFADE-95D4-4C1D-B7FF-2B0D9F25F951}.Debug|Any CPU.ActiveCfg = Debug|Any CPU
		{35CDFADE-95D4-4C1D-B7FF-2B0D9F25F951}.Debug|Any CPU.Build.0 = Debug|Any CPU
		{35CDFADE-95D4-4C1D-B7FF-2B0D9F25F951}.Release|Any CPU.ActiveCfg = Release|Any CPU
		{35CDFADE-95D4-4C1D-B7FF-2B0D9F25F951}.Release|Any CPU.Build.0 = Release|Any CPU
		{A3547BBC-809E-46E4-9973-1FBB1C06366D}.Debug|Any CPU.ActiveCfg = Debug|Any CPU
		{A3547BBC-809E-46E4-9973-1FBB1C06366D}.Debug|Any CPU.Build.0 = Debug|Any CPU
		{A3547BBC-809E-46E4-9973-1FBB1C06366D}.Release|Any CPU.ActiveCfg = Release|Any CPU
		{A3547BBC-809E-46E4-9973-1FBB1C06366D}.Release|Any CPU.Build.0 = Release|Any CPU
		{15FB934D-DF7A-4668-B080-515A62B6C7B6}.Debug|Any CPU.ActiveCfg = Debug|Any CPU
		{15FB934D-DF7A-4668-B080-515A62B6C7B6}.Debug|Any CPU.Build.0 = Debug|Any CPU
		{15FB934D-DF7A-4668-B080-515A62B6C7B6}.Release|Any CPU.ActiveCfg = Release|Any CPU
		{15FB934D-DF7A-4668-B080-515A62B6C7B6}.Release|Any CPU.Build.0 = Release|Any CPU
		{BEF13BB3-AB1D-4DCD-80E0-D8E331FC90F1}.Debug|Any CPU.ActiveCfg = Debug|Any CPU
		{BEF13BB3-AB1D-4DCD-80E0-D8E331FC90F1}.Debug|Any CPU.Build.0 = Debug|Any CPU
		{BEF13BB3-AB1D-4DCD-80E0-D8E331FC90F1}.Release|Any CPU.ActiveCfg = Release|Any CPU
		{BEF13BB3-AB1D-4DCD-80E0-D8E331FC90F1}.Release|Any CPU.Build.0 = Release|Any CPU
		{A5150D91-28C7-4054-9790-E43F0E2D0EFF}.Debug|Any CPU.ActiveCfg = Debug|Any CPU
		{A5150D91-28C7-4054-9790-E43F0E2D0EFF}.Debug|Any CPU.Build.0 = Debug|Any CPU
		{A5150D91-28C7-4054-9790-E43F0E2D0EFF}.Release|Any CPU.ActiveCfg = Release|Any CPU
		{A5150D91-28C7-4054-9790-E43F0E2D0EFF}.Release|Any CPU.Build.0 = Release|Any CPU
		{BD78E90B-E211-4FBC-ACA9-8D92FD4D4624}.Debug|Any CPU.ActiveCfg = Debug|Any CPU
		{BD78E90B-E211-4FBC-ACA9-8D92FD4D4624}.Debug|Any CPU.Build.0 = Debug|Any CPU
		{BD78E90B-E211-4FBC-ACA9-8D92FD4D4624}.Release|Any CPU.ActiveCfg = Release|Any CPU
		{BD78E90B-E211-4FBC-ACA9-8D92FD4D4624}.Release|Any CPU.Build.0 = Release|Any CPU
	EndGlobalSection
	GlobalSection(SolutionProperties) = preSolution
		HideSolutionNode = FALSE
	EndGlobalSection
	GlobalSection(NestedProjects) = preSolution
		{4C911656-3985-4A84-804E-F050BCBAAD0A} = {147B60A1-7C5E-484F-8441-5C9615804163}
		{1912809E-3C7F-4D8A-AEF3-6D39F3EADDBB} = {147B60A1-7C5E-484F-8441-5C9615804163}
		{BABDDCD8-1D04-4C6F-AFE7-8CD613613C3B} = {147B60A1-7C5E-484F-8441-5C9615804163}
		{B65C5A91-7CC9-4E4B-8625-DB8F2A0DFE64} = {147B60A1-7C5E-484F-8441-5C9615804163}
		{8FF9EBC9-AA2E-4873-8893-8883F30A6430} = {147B60A1-7C5E-484F-8441-5C9615804163}
		{8FCB793A-2572-4FB4-8CCB-BA6EFFE0FD08} = {147B60A1-7C5E-484F-8441-5C9615804163}
		{0F1B2625-558F-41AF-A7FE-3BDFBCCC01F1} = {147B60A1-7C5E-484F-8441-5C9615804163}
		{35CDFADE-95D4-4C1D-B7FF-2B0D9F25F951} = {147B60A1-7C5E-484F-8441-5C9615804163}
		{A3547BBC-809E-46E4-9973-1FBB1C06366D} = {147B60A1-7C5E-484F-8441-5C9615804163}
		{15FB934D-DF7A-4668-B080-515A62B6C7B6} = {147B60A1-7C5E-484F-8441-5C9615804163}
		{BEF13BB3-AB1D-4DCD-80E0-D8E331FC90F1} = {147B60A1-7C5E-484F-8441-5C9615804163}
		{A5150D91-28C7-4054-9790-E43F0E2D0EFF} = {147B60A1-7C5E-484F-8441-5C9615804163}
		{BD78E90B-E211-4FBC-ACA9-8D92FD4D4624} = {147B60A1-7C5E-484F-8441-5C9615804163}
	EndGlobalSection
	GlobalSection(ExtensibilityGlobals) = postSolution
		SolutionGuid = {2C0A8BFA-C4AA-4DFF-AC2F-2E0BC76778C6}
	EndGlobalSection
EndGlobal
